// !$*UTF8*$!
{
	archiveVersion = 1;
	classes = {
	};
	objectVersion = 52;
	objects = {

/* Begin PBXBuildFile section */
		72282C0B27AF01D700952855 /* LocationSearchService.swift in Sources */ = {isa = PBXBuildFile; fileRef = 72282C0A27AF01D700952855 /* LocationSearchService.swift */; };
		7244675B27B06CE4009F5507 /* Lottie in Frameworks */ = {isa = PBXBuildFile; productRef = 7244675A27B06CE4009F5507 /* Lottie */; };
		7244675F27B06E1F009F5507 /* success.json in Resources */ = {isa = PBXBuildFile; fileRef = 7244675E27B06E1F009F5507 /* success.json */; };
		7244676127B06E67009F5507 /* LottieAnimationView.swift in Sources */ = {isa = PBXBuildFile; fileRef = 7244676027B06E67009F5507 /* LottieAnimationView.swift */; };
		72CD544327CBD8A100303DCC /* CreateNewEventViewModel.swift in Sources */ = {isa = PBXBuildFile; fileRef = 72CD544227CBD8A100303DCC /* CreateNewEventViewModel.swift */; };
		72CD544927CBE12D00303DCC /* NewEventConfigurationViewModel.swift in Sources */ = {isa = PBXBuildFile; fileRef = 72CD544827CBE12D00303DCC /* NewEventConfigurationViewModel.swift */; };
		72CD544B27CBE3BB00303DCC /* NewEventConfigurationCoordinator.swift in Sources */ = {isa = PBXBuildFile; fileRef = 72CD544A27CBE3BB00303DCC /* NewEventConfigurationCoordinator.swift */; };
		72CD544D27CBE88300303DCC /* UpdateFirestoreHandler.swift in Sources */ = {isa = PBXBuildFile; fileRef = 72CD544C27CBE88300303DCC /* UpdateFirestoreHandler.swift */; };
		72CD545127CBEC6900303DCC /* EventPayload.swift in Sources */ = {isa = PBXBuildFile; fileRef = 72CD545027CBEC6900303DCC /* EventPayload.swift */; };
		72CD545527CBF49D00303DCC /* GenericHelpers.swift in Sources */ = {isa = PBXBuildFile; fileRef = 72CD545427CBF49D00303DCC /* GenericHelpers.swift */; };
		83425AF9275E548F0090B331 /* SceneDelegate.swift in Sources */ = {isa = PBXBuildFile; fileRef = 83425AF8275E548F0090B331 /* SceneDelegate.swift */; };
		83425AFD275E54910090B331 /* Assets.xcassets in Resources */ = {isa = PBXBuildFile; fileRef = 83425AFC275E54910090B331 /* Assets.xcassets */; };
		83425B00275E54910090B331 /* Preview Assets.xcassets in Resources */ = {isa = PBXBuildFile; fileRef = 83425AFF275E54910090B331 /* Preview Assets.xcassets */; };
		83425B03275E54910090B331 /* LaunchScreen.storyboard in Resources */ = {isa = PBXBuildFile; fileRef = 83425B01275E54910090B331 /* LaunchScreen.storyboard */; };
		83425B19275E54910090B331 /* EstablishUITests.swift in Sources */ = {isa = PBXBuildFile; fileRef = 83425B18275E54910090B331 /* EstablishUITests.swift */; };
		83B0AEFF275E663700A0242D /* LoginCoordinator.swift in Sources */ = {isa = PBXBuildFile; fileRef = 83B0AEFD275E663700A0242D /* LoginCoordinator.swift */; };
		83B0AF00275E663700A0242D /* LoginView.swift in Sources */ = {isa = PBXBuildFile; fileRef = 83B0AEFE275E663700A0242D /* LoginView.swift */; };
		83B0AF0C275E665000A0242D /* EnqueuingCoordinator.swift in Sources */ = {isa = PBXBuildFile; fileRef = 83B0AF03275E665000A0242D /* EnqueuingCoordinator.swift */; };
		83B0AF0D275E665000A0242D /* Coordinator.swift in Sources */ = {isa = PBXBuildFile; fileRef = 83B0AF04275E665000A0242D /* Coordinator.swift */; };
		83B0AF0E275E665000A0242D /* ThemeManagerTypes.swift in Sources */ = {isa = PBXBuildFile; fileRef = 83B0AF06275E665000A0242D /* ThemeManagerTypes.swift */; };
		83B0AF0F275E665000A0242D /* ThemeManagerAccessProtocol.swift in Sources */ = {isa = PBXBuildFile; fileRef = 83B0AF07275E665000A0242D /* ThemeManagerAccessProtocol.swift */; };
		83B0AF10275E665000A0242D /* ThemeManager.swift in Sources */ = {isa = PBXBuildFile; fileRef = 83B0AF08275E665000A0242D /* ThemeManager.swift */; };
		83B0AF11275E665000A0242D /* AppContext.swift in Sources */ = {isa = PBXBuildFile; fileRef = 83B0AF0A275E665000A0242D /* AppContext.swift */; };
		83B0AF12275E665000A0242D /* AppContextAccessProtocol.swift in Sources */ = {isa = PBXBuildFile; fileRef = 83B0AF0B275E665000A0242D /* AppContextAccessProtocol.swift */; };
		83B0AF17275E665E00A0242D /* AppDelegateProtocol.swift in Sources */ = {isa = PBXBuildFile; fileRef = 83B0AF14275E665E00A0242D /* AppDelegateProtocol.swift */; };
		83B0AF18275E665E00A0242D /* AppDelegateAccessProtocol.swift in Sources */ = {isa = PBXBuildFile; fileRef = 83B0AF15275E665E00A0242D /* AppDelegateAccessProtocol.swift */; };
		83B0AF19275E665E00A0242D /* AppDelegate.swift in Sources */ = {isa = PBXBuildFile; fileRef = 83B0AF16275E665E00A0242D /* AppDelegate.swift */; };
		83B0AF1D275E667A00A0242D /* AppFlowCoordinator.swift in Sources */ = {isa = PBXBuildFile; fileRef = 83B0AF1B275E667A00A0242D /* AppFlowCoordinator.swift */; };
		83B0AF1E275E667A00A0242D /* AppFlow.swift in Sources */ = {isa = PBXBuildFile; fileRef = 83B0AF1C275E667A00A0242D /* AppFlow.swift */; };
		E84A08F2276B95AE00A745CD /* ProgressBarView.swift in Sources */ = {isa = PBXBuildFile; fileRef = E84A08F1276B95AE00A745CD /* ProgressBarView.swift */; };
		E84A08F4276B95ED00A745CD /* PasswordStrengthView.swift in Sources */ = {isa = PBXBuildFile; fileRef = E84A08F3276B95ED00A745CD /* PasswordStrengthView.swift */; };
		E881F0AB27AD79CD00492237 /* EventTag.swift in Sources */ = {isa = PBXBuildFile; fileRef = E881F0AA27AD79CD00492237 /* EventTag.swift */; };
		E881F0AE27AD856700492237 /* Date+FormattedDay.swift in Sources */ = {isa = PBXBuildFile; fileRef = E881F0AD27AD856700492237 /* Date+FormattedDay.swift */; };
		E881F14927AD8C7600492237 /* CreateNewEventView.swift in Sources */ = {isa = PBXBuildFile; fileRef = E881F14827AD8C7500492237 /* CreateNewEventView.swift */; };
		E881F14B27AD8D4B00492237 /* NewEventConfigurationView.swift in Sources */ = {isa = PBXBuildFile; fileRef = E881F14A27AD8D4B00492237 /* NewEventConfigurationView.swift */; };
		E888139227A449A0002DF4C0 /* CreateNewEventCoordinator.swift in Sources */ = {isa = PBXBuildFile; fileRef = E888139127A449A0002DF4C0 /* CreateNewEventCoordinator.swift */; };
		E888139427A4559E002DF4C0 /* WebView.swift in Sources */ = {isa = PBXBuildFile; fileRef = E888139327A4559E002DF4C0 /* WebView.swift */; };
		E8A6C4232799AA3900DF50E3 /* CreateAccountCoordinatorMock.swift in Sources */ = {isa = PBXBuildFile; fileRef = E8A6C4222799AA3900DF50E3 /* CreateAccountCoordinatorMock.swift */; };
		E8A6C4262799B29F00DF50E3 /* LoginViewModelTests.swift in Sources */ = {isa = PBXBuildFile; fileRef = E8A6C4252799B29F00DF50E3 /* LoginViewModelTests.swift */; };
		E8A6C4282799B6C000DF50E3 /* LoginCoordinatorMock.swift in Sources */ = {isa = PBXBuildFile; fileRef = E8A6C4272799B6C000DF50E3 /* LoginCoordinatorMock.swift */; };
		E8A6C42A2799CA3200DF50E3 /* LoginHandlerTests.swift in Sources */ = {isa = PBXBuildFile; fileRef = E8A6C4292799CA3200DF50E3 /* LoginHandlerTests.swift */; };
		E8A6C42D2799D04D00DF50E3 /* InviteFriendsViewModelTests.swift in Sources */ = {isa = PBXBuildFile; fileRef = E8A6C42C2799D04D00DF50E3 /* InviteFriendsViewModelTests.swift */; };
		E8A6C42F2799D07100DF50E3 /* InviteFriendsCoordinatorMock.swift in Sources */ = {isa = PBXBuildFile; fileRef = E8A6C42E2799D07100DF50E3 /* InviteFriendsCoordinatorMock.swift */; };
		E8A6C4CB279AFDDA00DF50E3 /* ButtonStyle.swift in Sources */ = {isa = PBXBuildFile; fileRef = E8A6C4CA279AFDDA00DF50E3 /* ButtonStyle.swift */; };
		E8A6C5FE279B046500DF50E3 /* GoogleSignIn in Frameworks */ = {isa = PBXBuildFile; productRef = E8A6C5FD279B046500DF50E3 /* GoogleSignIn */; };
		E8B99268276FDC7F00D9A101 /* FirebaseAnalytics in Frameworks */ = {isa = PBXBuildFile; productRef = E8B99267276FDC7F00D9A101 /* FirebaseAnalytics */; };
		E8B9926A276FDC7F00D9A101 /* FirebaseAuth in Frameworks */ = {isa = PBXBuildFile; productRef = E8B99269276FDC7F00D9A101 /* FirebaseAuth */; };
		E8B9926C276FDC7F00D9A101 /* FirebaseAuthCombine-Community in Frameworks */ = {isa = PBXBuildFile; productRef = E8B9926B276FDC7F00D9A101 /* FirebaseAuthCombine-Community */; };
		E8B9926E276FDC7F00D9A101 /* FirebaseFirestore in Frameworks */ = {isa = PBXBuildFile; productRef = E8B9926D276FDC7F00D9A101 /* FirebaseFirestore */; };
		E8B99270276FDC7F00D9A101 /* FirebaseFirestoreCombine-Community in Frameworks */ = {isa = PBXBuildFile; productRef = E8B9926F276FDC7F00D9A101 /* FirebaseFirestoreCombine-Community */; };
		E8B99272276FDD1100D9A101 /* CreateAccountHandler.swift in Sources */ = {isa = PBXBuildFile; fileRef = E8B99271276FDD1100D9A101 /* CreateAccountHandler.swift */; };
		E8B99274276FE53600D9A101 /* GoogleService-Info.plist in Resources */ = {isa = PBXBuildFile; fileRef = E8B99273276FE53600D9A101 /* GoogleService-Info.plist */; };
		E8B9927727711C3600D9A101 /* CreateAccountViewModelTests.swift in Sources */ = {isa = PBXBuildFile; fileRef = E8B9927627711C3600D9A101 /* CreateAccountViewModelTests.swift */; };
		E8B9931227711DFD00D9A101 /* XCTestCase+GWT.swift in Sources */ = {isa = PBXBuildFile; fileRef = E8B9931127711DFD00D9A101 /* XCTestCase+GWT.swift */; };
		E8B9931827762C1A00D9A101 /* CreateAccountView.swift in Sources */ = {isa = PBXBuildFile; fileRef = E8B9931727762C1A00D9A101 /* CreateAccountView.swift */; };
		E8BFA1932795BEFA00B57A7A /* CheckboxView.swift in Sources */ = {isa = PBXBuildFile; fileRef = E8BFA1922795BEFA00B57A7A /* CheckboxView.swift */; };
		E8BFA1952795C66E00B57A7A /* LabelledDivider.swift in Sources */ = {isa = PBXBuildFile; fileRef = E8BFA1942795C66E00B57A7A /* LabelledDivider.swift */; };
		E8BFA1972795C93300B57A7A /* LoginViewModel.swift in Sources */ = {isa = PBXBuildFile; fileRef = E8BFA1962795C93300B57A7A /* LoginViewModel.swift */; };
		E8BFA19A2795CACD00B57A7A /* SwiftKeychainWrapper in Frameworks */ = {isa = PBXBuildFile; productRef = E8BFA1992795CACD00B57A7A /* SwiftKeychainWrapper */; };
		E8BFA19D2795CD0800B57A7A /* UserDefaultsUtils.swift in Sources */ = {isa = PBXBuildFile; fileRef = E8BFA19C2795CD0800B57A7A /* UserDefaultsUtils.swift */; };
		E8CB78A527A1987D00D49FF1 /* EventListItem.swift in Sources */ = {isa = PBXBuildFile; fileRef = E8CB78A427A1987D00D49FF1 /* EventListItem.swift */; };
		E8E9E2D527982A400040CE1B /* LoginHandler.swift in Sources */ = {isa = PBXBuildFile; fileRef = E8E9E2D427982A3F0040CE1B /* LoginHandler.swift */; };
		E8E9E2D7279859500040CE1B /* ModalView.swift in Sources */ = {isa = PBXBuildFile; fileRef = E8E9E2D6279859500040CE1B /* ModalView.swift */; };
		E8E9E3712798666C0040CE1B /* CreateAccountViewModel.swift in Sources */ = {isa = PBXBuildFile; fileRef = E8E9E3702798666C0040CE1B /* CreateAccountViewModel.swift */; };
		E8E9E374279868150040CE1B /* InviteFriendsView.swift in Sources */ = {isa = PBXBuildFile; fileRef = E8E9E373279868150040CE1B /* InviteFriendsView.swift */; };
		E8E9E37827996F830040CE1B /* CreateAccountCoordinator.swift in Sources */ = {isa = PBXBuildFile; fileRef = E8E9E37727996F830040CE1B /* CreateAccountCoordinator.swift */; };
		E8E9E37A279970940040CE1B /* InviteFriendsViewModel.swift in Sources */ = {isa = PBXBuildFile; fileRef = E8E9E379279970940040CE1B /* InviteFriendsViewModel.swift */; };
		E8E9E37C279970A00040CE1B /* InviteFriendsCoordinator.swift in Sources */ = {isa = PBXBuildFile; fileRef = E8E9E37B279970A00040CE1B /* InviteFriendsCoordinator.swift */; };
		E8E9E4AF2799A64A0040CE1B /* HomeView.swift in Sources */ = {isa = PBXBuildFile; fileRef = E8E9E4AE2799A64A0040CE1B /* HomeView.swift */; };
		E8E9E4B12799A6700040CE1B /* HomeViewModel.swift in Sources */ = {isa = PBXBuildFile; fileRef = E8E9E4B02799A6700040CE1B /* HomeViewModel.swift */; };
		E8E9E4B32799A6ED0040CE1B /* HomeCoordinator.swift in Sources */ = {isa = PBXBuildFile; fileRef = E8E9E4B22799A6ED0040CE1B /* HomeCoordinator.swift */; };
/* End PBXBuildFile section */

/* Begin PBXContainerItemProxy section */
		83425B0A275E54910090B331 /* PBXContainerItemProxy */ = {
			isa = PBXContainerItemProxy;
			containerPortal = 83425AEB275E548F0090B331 /* Project object */;
			proxyType = 1;
			remoteGlobalIDString = 83425AF2275E548F0090B331;
			remoteInfo = Establish;
		};
		83425B15275E54910090B331 /* PBXContainerItemProxy */ = {
			isa = PBXContainerItemProxy;
			containerPortal = 83425AEB275E548F0090B331 /* Project object */;
			proxyType = 1;
			remoteGlobalIDString = 83425AF2275E548F0090B331;
			remoteInfo = Establish;
		};
/* End PBXContainerItemProxy section */

/* Begin PBXFileReference section */
		72282C0A27AF01D700952855 /* LocationSearchService.swift */ = {isa = PBXFileReference; lastKnownFileType = sourcecode.swift; path = LocationSearchService.swift; sourceTree = "<group>"; };
		7244675E27B06E1F009F5507 /* success.json */ = {isa = PBXFileReference; fileEncoding = 4; lastKnownFileType = text.json; path = success.json; sourceTree = "<group>"; };
		7244676027B06E67009F5507 /* LottieAnimationView.swift */ = {isa = PBXFileReference; lastKnownFileType = sourcecode.swift; path = LottieAnimationView.swift; sourceTree = "<group>"; };
		72CD544227CBD8A100303DCC /* CreateNewEventViewModel.swift */ = {isa = PBXFileReference; lastKnownFileType = sourcecode.swift; path = CreateNewEventViewModel.swift; sourceTree = "<group>"; };
		72CD544827CBE12D00303DCC /* NewEventConfigurationViewModel.swift */ = {isa = PBXFileReference; lastKnownFileType = sourcecode.swift; path = NewEventConfigurationViewModel.swift; sourceTree = "<group>"; };
		72CD544A27CBE3BB00303DCC /* NewEventConfigurationCoordinator.swift */ = {isa = PBXFileReference; lastKnownFileType = sourcecode.swift; path = NewEventConfigurationCoordinator.swift; sourceTree = "<group>"; };
		72CD544C27CBE88300303DCC /* UpdateFirestoreHandler.swift */ = {isa = PBXFileReference; lastKnownFileType = sourcecode.swift; path = UpdateFirestoreHandler.swift; sourceTree = "<group>"; };
		72CD545027CBEC6900303DCC /* EventPayload.swift */ = {isa = PBXFileReference; lastKnownFileType = sourcecode.swift; path = EventPayload.swift; sourceTree = "<group>"; };
		72CD545427CBF49D00303DCC /* GenericHelpers.swift */ = {isa = PBXFileReference; lastKnownFileType = sourcecode.swift; path = GenericHelpers.swift; sourceTree = "<group>"; };
		83425AF3275E548F0090B331 /* Establish.app */ = {isa = PBXFileReference; explicitFileType = wrapper.application; includeInIndex = 0; path = Establish.app; sourceTree = BUILT_PRODUCTS_DIR; };
		83425AF8275E548F0090B331 /* SceneDelegate.swift */ = {isa = PBXFileReference; lastKnownFileType = sourcecode.swift; path = SceneDelegate.swift; sourceTree = "<group>"; };
		83425AFC275E54910090B331 /* Assets.xcassets */ = {isa = PBXFileReference; lastKnownFileType = folder.assetcatalog; path = Assets.xcassets; sourceTree = "<group>"; };
		83425AFF275E54910090B331 /* Preview Assets.xcassets */ = {isa = PBXFileReference; lastKnownFileType = folder.assetcatalog; path = "Preview Assets.xcassets"; sourceTree = "<group>"; };
		83425B02275E54910090B331 /* Base */ = {isa = PBXFileReference; lastKnownFileType = file.storyboard; name = Base; path = Base.lproj/LaunchScreen.storyboard; sourceTree = "<group>"; };
		83425B04275E54910090B331 /* Info.plist */ = {isa = PBXFileReference; lastKnownFileType = text.plist.xml; path = Info.plist; sourceTree = "<group>"; };
		83425B09275E54910090B331 /* EstablishTests.xctest */ = {isa = PBXFileReference; explicitFileType = wrapper.cfbundle; includeInIndex = 0; path = EstablishTests.xctest; sourceTree = BUILT_PRODUCTS_DIR; };
		83425B0F275E54910090B331 /* Info.plist */ = {isa = PBXFileReference; lastKnownFileType = text.plist.xml; path = Info.plist; sourceTree = "<group>"; };
		83425B14275E54910090B331 /* EstablishUITests.xctest */ = {isa = PBXFileReference; explicitFileType = wrapper.cfbundle; includeInIndex = 0; path = EstablishUITests.xctest; sourceTree = BUILT_PRODUCTS_DIR; };
		83425B18275E54910090B331 /* EstablishUITests.swift */ = {isa = PBXFileReference; lastKnownFileType = sourcecode.swift; path = EstablishUITests.swift; sourceTree = "<group>"; };
		83425B1A275E54910090B331 /* Info.plist */ = {isa = PBXFileReference; lastKnownFileType = text.plist.xml; path = Info.plist; sourceTree = "<group>"; };
		83B0AEFD275E663700A0242D /* LoginCoordinator.swift */ = {isa = PBXFileReference; fileEncoding = 4; lastKnownFileType = sourcecode.swift; path = LoginCoordinator.swift; sourceTree = "<group>"; };
		83B0AEFE275E663700A0242D /* LoginView.swift */ = {isa = PBXFileReference; fileEncoding = 4; lastKnownFileType = sourcecode.swift; path = LoginView.swift; sourceTree = "<group>"; };
		83B0AF03275E665000A0242D /* EnqueuingCoordinator.swift */ = {isa = PBXFileReference; fileEncoding = 4; lastKnownFileType = sourcecode.swift; path = EnqueuingCoordinator.swift; sourceTree = "<group>"; };
		83B0AF04275E665000A0242D /* Coordinator.swift */ = {isa = PBXFileReference; fileEncoding = 4; lastKnownFileType = sourcecode.swift; path = Coordinator.swift; sourceTree = "<group>"; };
		83B0AF06275E665000A0242D /* ThemeManagerTypes.swift */ = {isa = PBXFileReference; fileEncoding = 4; lastKnownFileType = sourcecode.swift; path = ThemeManagerTypes.swift; sourceTree = "<group>"; };
		83B0AF07275E665000A0242D /* ThemeManagerAccessProtocol.swift */ = {isa = PBXFileReference; fileEncoding = 4; lastKnownFileType = sourcecode.swift; path = ThemeManagerAccessProtocol.swift; sourceTree = "<group>"; };
		83B0AF08275E665000A0242D /* ThemeManager.swift */ = {isa = PBXFileReference; fileEncoding = 4; lastKnownFileType = sourcecode.swift; path = ThemeManager.swift; sourceTree = "<group>"; };
		83B0AF0A275E665000A0242D /* AppContext.swift */ = {isa = PBXFileReference; fileEncoding = 4; lastKnownFileType = sourcecode.swift; path = AppContext.swift; sourceTree = "<group>"; };
		83B0AF0B275E665000A0242D /* AppContextAccessProtocol.swift */ = {isa = PBXFileReference; fileEncoding = 4; lastKnownFileType = sourcecode.swift; path = AppContextAccessProtocol.swift; sourceTree = "<group>"; };
		83B0AF14275E665E00A0242D /* AppDelegateProtocol.swift */ = {isa = PBXFileReference; fileEncoding = 4; lastKnownFileType = sourcecode.swift; path = AppDelegateProtocol.swift; sourceTree = "<group>"; };
		83B0AF15275E665E00A0242D /* AppDelegateAccessProtocol.swift */ = {isa = PBXFileReference; fileEncoding = 4; lastKnownFileType = sourcecode.swift; path = AppDelegateAccessProtocol.swift; sourceTree = "<group>"; };
		83B0AF16275E665E00A0242D /* AppDelegate.swift */ = {isa = PBXFileReference; fileEncoding = 4; lastKnownFileType = sourcecode.swift; path = AppDelegate.swift; sourceTree = "<group>"; };
		83B0AF1B275E667A00A0242D /* AppFlowCoordinator.swift */ = {isa = PBXFileReference; fileEncoding = 4; lastKnownFileType = sourcecode.swift; path = AppFlowCoordinator.swift; sourceTree = "<group>"; };
		83B0AF1C275E667A00A0242D /* AppFlow.swift */ = {isa = PBXFileReference; fileEncoding = 4; lastKnownFileType = sourcecode.swift; path = AppFlow.swift; sourceTree = "<group>"; };
		E84A08F1276B95AE00A745CD /* ProgressBarView.swift */ = {isa = PBXFileReference; lastKnownFileType = sourcecode.swift; path = ProgressBarView.swift; sourceTree = "<group>"; };
		E84A08F3276B95ED00A745CD /* PasswordStrengthView.swift */ = {isa = PBXFileReference; lastKnownFileType = sourcecode.swift; path = PasswordStrengthView.swift; sourceTree = "<group>"; };
		E881F0AA27AD79CD00492237 /* EventTag.swift */ = {isa = PBXFileReference; lastKnownFileType = sourcecode.swift; path = EventTag.swift; sourceTree = "<group>"; };
		E881F0AD27AD856700492237 /* Date+FormattedDay.swift */ = {isa = PBXFileReference; lastKnownFileType = sourcecode.swift; path = "Date+FormattedDay.swift"; sourceTree = "<group>"; };
		E881F14827AD8C7500492237 /* CreateNewEventView.swift */ = {isa = PBXFileReference; lastKnownFileType = sourcecode.swift; path = CreateNewEventView.swift; sourceTree = "<group>"; };
		E881F14A27AD8D4B00492237 /* NewEventConfigurationView.swift */ = {isa = PBXFileReference; lastKnownFileType = sourcecode.swift; path = NewEventConfigurationView.swift; sourceTree = "<group>"; };
		E888139127A449A0002DF4C0 /* CreateNewEventCoordinator.swift */ = {isa = PBXFileReference; lastKnownFileType = sourcecode.swift; path = CreateNewEventCoordinator.swift; sourceTree = "<group>"; };
		E888139327A4559E002DF4C0 /* WebView.swift */ = {isa = PBXFileReference; lastKnownFileType = sourcecode.swift; path = WebView.swift; sourceTree = "<group>"; };
		E8A6C4222799AA3900DF50E3 /* CreateAccountCoordinatorMock.swift */ = {isa = PBXFileReference; lastKnownFileType = sourcecode.swift; path = CreateAccountCoordinatorMock.swift; sourceTree = "<group>"; };
		E8A6C4252799B29F00DF50E3 /* LoginViewModelTests.swift */ = {isa = PBXFileReference; lastKnownFileType = sourcecode.swift; path = LoginViewModelTests.swift; sourceTree = "<group>"; };
		E8A6C4272799B6C000DF50E3 /* LoginCoordinatorMock.swift */ = {isa = PBXFileReference; lastKnownFileType = sourcecode.swift; path = LoginCoordinatorMock.swift; sourceTree = "<group>"; };
		E8A6C4292799CA3200DF50E3 /* LoginHandlerTests.swift */ = {isa = PBXFileReference; lastKnownFileType = sourcecode.swift; path = LoginHandlerTests.swift; sourceTree = "<group>"; };
		E8A6C42C2799D04D00DF50E3 /* InviteFriendsViewModelTests.swift */ = {isa = PBXFileReference; lastKnownFileType = sourcecode.swift; path = InviteFriendsViewModelTests.swift; sourceTree = "<group>"; };
		E8A6C42E2799D07100DF50E3 /* InviteFriendsCoordinatorMock.swift */ = {isa = PBXFileReference; lastKnownFileType = sourcecode.swift; path = InviteFriendsCoordinatorMock.swift; sourceTree = "<group>"; };
		E8A6C4CA279AFDDA00DF50E3 /* ButtonStyle.swift */ = {isa = PBXFileReference; lastKnownFileType = sourcecode.swift; path = ButtonStyle.swift; sourceTree = "<group>"; };
		E8B99271276FDD1100D9A101 /* CreateAccountHandler.swift */ = {isa = PBXFileReference; lastKnownFileType = sourcecode.swift; path = CreateAccountHandler.swift; sourceTree = "<group>"; };
		E8B99273276FE53600D9A101 /* GoogleService-Info.plist */ = {isa = PBXFileReference; fileEncoding = 4; lastKnownFileType = text.plist.xml; path = "GoogleService-Info.plist"; sourceTree = "<group>"; };
		E8B9927627711C3600D9A101 /* CreateAccountViewModelTests.swift */ = {isa = PBXFileReference; lastKnownFileType = sourcecode.swift; path = CreateAccountViewModelTests.swift; sourceTree = "<group>"; };
		E8B9931127711DFD00D9A101 /* XCTestCase+GWT.swift */ = {isa = PBXFileReference; lastKnownFileType = sourcecode.swift; path = "XCTestCase+GWT.swift"; sourceTree = "<group>"; };
		E8B9931727762C1A00D9A101 /* CreateAccountView.swift */ = {isa = PBXFileReference; lastKnownFileType = sourcecode.swift; path = CreateAccountView.swift; sourceTree = "<group>"; };
		E8BFA1922795BEFA00B57A7A /* CheckboxView.swift */ = {isa = PBXFileReference; lastKnownFileType = sourcecode.swift; path = CheckboxView.swift; sourceTree = "<group>"; };
		E8BFA1942795C66E00B57A7A /* LabelledDivider.swift */ = {isa = PBXFileReference; lastKnownFileType = sourcecode.swift; path = LabelledDivider.swift; sourceTree = "<group>"; };
		E8BFA1962795C93300B57A7A /* LoginViewModel.swift */ = {isa = PBXFileReference; lastKnownFileType = sourcecode.swift; path = LoginViewModel.swift; sourceTree = "<group>"; };
		E8BFA19C2795CD0800B57A7A /* UserDefaultsUtils.swift */ = {isa = PBXFileReference; lastKnownFileType = sourcecode.swift; path = UserDefaultsUtils.swift; sourceTree = "<group>"; };
		E8BFA19E2796C8EC00B57A7A /* Establish.entitlements */ = {isa = PBXFileReference; lastKnownFileType = text.plist.entitlements; path = Establish.entitlements; sourceTree = "<group>"; };
		E8CB78A427A1987D00D49FF1 /* EventListItem.swift */ = {isa = PBXFileReference; lastKnownFileType = sourcecode.swift; path = EventListItem.swift; sourceTree = "<group>"; };
		E8E9E2D427982A3F0040CE1B /* LoginHandler.swift */ = {isa = PBXFileReference; lastKnownFileType = sourcecode.swift; path = LoginHandler.swift; sourceTree = "<group>"; };
		E8E9E2D6279859500040CE1B /* ModalView.swift */ = {isa = PBXFileReference; lastKnownFileType = sourcecode.swift; path = ModalView.swift; sourceTree = "<group>"; };
		E8E9E3702798666C0040CE1B /* CreateAccountViewModel.swift */ = {isa = PBXFileReference; lastKnownFileType = sourcecode.swift; path = CreateAccountViewModel.swift; sourceTree = "<group>"; };
		E8E9E373279868150040CE1B /* InviteFriendsView.swift */ = {isa = PBXFileReference; lastKnownFileType = sourcecode.swift; path = InviteFriendsView.swift; sourceTree = "<group>"; };
		E8E9E37727996F830040CE1B /* CreateAccountCoordinator.swift */ = {isa = PBXFileReference; lastKnownFileType = sourcecode.swift; path = CreateAccountCoordinator.swift; sourceTree = "<group>"; };
		E8E9E379279970940040CE1B /* InviteFriendsViewModel.swift */ = {isa = PBXFileReference; lastKnownFileType = sourcecode.swift; path = InviteFriendsViewModel.swift; sourceTree = "<group>"; };
		E8E9E37B279970A00040CE1B /* InviteFriendsCoordinator.swift */ = {isa = PBXFileReference; lastKnownFileType = sourcecode.swift; path = InviteFriendsCoordinator.swift; sourceTree = "<group>"; };
		E8E9E4AE2799A64A0040CE1B /* HomeView.swift */ = {isa = PBXFileReference; lastKnownFileType = sourcecode.swift; path = HomeView.swift; sourceTree = "<group>"; };
		E8E9E4B02799A6700040CE1B /* HomeViewModel.swift */ = {isa = PBXFileReference; lastKnownFileType = sourcecode.swift; path = HomeViewModel.swift; sourceTree = "<group>"; };
		E8E9E4B22799A6ED0040CE1B /* HomeCoordinator.swift */ = {isa = PBXFileReference; lastKnownFileType = sourcecode.swift; path = HomeCoordinator.swift; sourceTree = "<group>"; };
/* End PBXFileReference section */

/* Begin PBXFrameworksBuildPhase section */
		83425AF0275E548F0090B331 /* Frameworks */ = {
			isa = PBXFrameworksBuildPhase;
			buildActionMask = 2147483647;
			files = (
				E8B99268276FDC7F00D9A101 /* FirebaseAnalytics in Frameworks */,
				E8B9926E276FDC7F00D9A101 /* FirebaseFirestore in Frameworks */,
				E8BFA19A2795CACD00B57A7A /* SwiftKeychainWrapper in Frameworks */,
				E8B9926C276FDC7F00D9A101 /* FirebaseAuthCombine-Community in Frameworks */,
				E8B99270276FDC7F00D9A101 /* FirebaseFirestoreCombine-Community in Frameworks */,
				E8B9926A276FDC7F00D9A101 /* FirebaseAuth in Frameworks */,
				E8A6C5FE279B046500DF50E3 /* GoogleSignIn in Frameworks */,
				7244675B27B06CE4009F5507 /* Lottie in Frameworks */,
			);
			runOnlyForDeploymentPostprocessing = 0;
		};
		83425B06275E54910090B331 /* Frameworks */ = {
			isa = PBXFrameworksBuildPhase;
			buildActionMask = 2147483647;
			files = (
			);
			runOnlyForDeploymentPostprocessing = 0;
		};
		83425B11275E54910090B331 /* Frameworks */ = {
			isa = PBXFrameworksBuildPhase;
			buildActionMask = 2147483647;
			files = (
			);
			runOnlyForDeploymentPostprocessing = 0;
		};
/* End PBXFrameworksBuildPhase section */

/* Begin PBXGroup section */
		7244675C27B06E01009F5507 /* Assets */ = {
			isa = PBXGroup;
			children = (
				7244675D27B06E0E009F5507 /* Lottie */,
				83425AFC275E54910090B331 /* Assets.xcassets */,
			);
			path = Assets;
			sourceTree = "<group>";
		};
		7244675D27B06E0E009F5507 /* Lottie */ = {
			isa = PBXGroup;
			children = (
				7244675E27B06E1F009F5507 /* success.json */,
			);
			path = Lottie;
			sourceTree = "<group>";
		};
		72CD544127CBD87D00303DCC /* CreateNewEvent */ = {
			isa = PBXGroup;
			children = (
				E881F14827AD8C7500492237 /* CreateNewEventView.swift */,
				E888139127A449A0002DF4C0 /* CreateNewEventCoordinator.swift */,
				72CD544227CBD8A100303DCC /* CreateNewEventViewModel.swift */,
			);
			path = CreateNewEvent;
			sourceTree = "<group>";
		};
		72CD544527CBE09600303DCC /* NewEventConfigurationView */ = {
			isa = PBXGroup;
			children = (
				E881F14A27AD8D4B00492237 /* NewEventConfigurationView.swift */,
				72CD544A27CBE3BB00303DCC /* NewEventConfigurationCoordinator.swift */,
				72CD544827CBE12D00303DCC /* NewEventConfigurationViewModel.swift */,
			);
			path = NewEventConfigurationView;
			sourceTree = "<group>";
		};
		72CD544E27CBEB4800303DCC /* Firebase */ = {
			isa = PBXGroup;
			children = (
				72CD544C27CBE88300303DCC /* UpdateFirestoreHandler.swift */,
			);
			path = Firebase;
			sourceTree = "<group>";
		};
		72CD544F27CBEC5000303DCC /* DataModels */ = {
			isa = PBXGroup;
			children = (
				72CD545027CBEC6900303DCC /* EventPayload.swift */,
			);
			path = DataModels;
			sourceTree = "<group>";
		};
		72CD545627CBF6AD00303DCC /* NewEventConfiguration */ = {
			isa = PBXGroup;
			children = (
			);
			path = NewEventConfiguration;
			sourceTree = "<group>";
		};
		72CD545727CBF6C300303DCC /* CreateNewEvent */ = {
			isa = PBXGroup;
			children = (
			);
			path = CreateNewEvent;
			sourceTree = "<group>";
		};
		83425AEA275E548F0090B331 = {
			isa = PBXGroup;
			children = (
				83425AF5275E548F0090B331 /* Establish */,
				83425B0C275E54910090B331 /* EstablishTests */,
				83425B17275E54910090B331 /* EstablishUITests */,
				83425AF4275E548F0090B331 /* Products */,
			);
			sourceTree = "<group>";
		};
		83425AF4275E548F0090B331 /* Products */ = {
			isa = PBXGroup;
			children = (
				83425AF3275E548F0090B331 /* Establish.app */,
				83425B09275E54910090B331 /* EstablishTests.xctest */,
				83425B14275E54910090B331 /* EstablishUITests.xctest */,
			);
			name = Products;
			sourceTree = "<group>";
		};
		83425AF5275E548F0090B331 /* Establish */ = {
			isa = PBXGroup;
			children = (
				E8BFA19E2796C8EC00B57A7A /* Establish.entitlements */,
				E8B99273276FE53600D9A101 /* GoogleService-Info.plist */,
				83B0AEFB275E663700A0242D /* Source */,
				83425AF8275E548F0090B331 /* SceneDelegate.swift */,
				7244675C27B06E01009F5507 /* Assets */,
				83425B01275E54910090B331 /* LaunchScreen.storyboard */,
				83425B04275E54910090B331 /* Info.plist */,
				83425AFE275E54910090B331 /* Preview Content */,
			);
			path = Establish;
			sourceTree = "<group>";
		};
		83425AFE275E54910090B331 /* Preview Content */ = {
			isa = PBXGroup;
			children = (
				83425AFF275E54910090B331 /* Preview Assets.xcassets */,
			);
			path = "Preview Content";
			sourceTree = "<group>";
		};
		83425B0C275E54910090B331 /* EstablishTests */ = {
			isa = PBXGroup;
			children = (
				72CD545727CBF6C300303DCC /* CreateNewEvent */,
				72CD545627CBF6AD00303DCC /* NewEventConfiguration */,
				E8A6C42B2799D03800DF50E3 /* InviteFriends */,
				E8A6C4242799B28E00DF50E3 /* Login */,
				E8B9931027711DE800D9A101 /* TestHelpers */,
				E8B9927527711C1D00D9A101 /* CreateAccount */,
				83425B0F275E54910090B331 /* Info.plist */,
			);
			path = EstablishTests;
			sourceTree = "<group>";
		};
		83425B17275E54910090B331 /* EstablishUITests */ = {
			isa = PBXGroup;
			children = (
				83425B18275E54910090B331 /* EstablishUITests.swift */,
				83425B1A275E54910090B331 /* Info.plist */,
			);
			path = EstablishUITests;
			sourceTree = "<group>";
		};
		83B0AEFB275E663700A0242D /* Source */ = {
			isa = PBXGroup;
			children = (
				72CD544F27CBEC5000303DCC /* DataModels */,
				83B0AF01275E665000A0242D /* Services */,
				83B0AF13275E665E00A0242D /* AppDelegate */,
				83B0AF1A275E667A00A0242D /* AppFlow */,
				E881F0AC27AD854000492237 /* Extensions */,
				E888138E27A446A4002DF4C0 /* CreateEvent */,
				E8E9E4AD2799A63F0040CE1B /* Home */,
				E84A08F0276B959B00A745CD /* Reuseables */,
				E8E049A5276B748000A78294 /* Welcome */,
				83B0AEFC275E663700A0242D /* Login */,
			);
			path = Source;
			sourceTree = "<group>";
		};
		83B0AEFC275E663700A0242D /* Login */ = {
			isa = PBXGroup;
			children = (
				83B0AEFD275E663700A0242D /* LoginCoordinator.swift */,
				83B0AEFE275E663700A0242D /* LoginView.swift */,
				E8BFA1962795C93300B57A7A /* LoginViewModel.swift */,
				E8E9E2D427982A3F0040CE1B /* LoginHandler.swift */,
			);
			path = Login;
			sourceTree = "<group>";
		};
		83B0AF01275E665000A0242D /* Services */ = {
			isa = PBXGroup;
			children = (
				72CD544E27CBEB4800303DCC /* Firebase */,
				E8BFA19B2795CCF300B57A7A /* Helpers */,
				83B0AF02275E665000A0242D /* Coordinator */,
				83B0AF05275E665000A0242D /* ThemeManager */,
				83B0AF09275E665000A0242D /* AppContext */,
			);
			path = Services;
			sourceTree = "<group>";
		};
		83B0AF02275E665000A0242D /* Coordinator */ = {
			isa = PBXGroup;
			children = (
				83B0AF03275E665000A0242D /* EnqueuingCoordinator.swift */,
				83B0AF04275E665000A0242D /* Coordinator.swift */,
			);
			path = Coordinator;
			sourceTree = "<group>";
		};
		83B0AF05275E665000A0242D /* ThemeManager */ = {
			isa = PBXGroup;
			children = (
				83B0AF06275E665000A0242D /* ThemeManagerTypes.swift */,
				83B0AF07275E665000A0242D /* ThemeManagerAccessProtocol.swift */,
				83B0AF08275E665000A0242D /* ThemeManager.swift */,
			);
			path = ThemeManager;
			sourceTree = "<group>";
		};
		83B0AF09275E665000A0242D /* AppContext */ = {
			isa = PBXGroup;
			children = (
				83B0AF0A275E665000A0242D /* AppContext.swift */,
				83B0AF0B275E665000A0242D /* AppContextAccessProtocol.swift */,
			);
			path = AppContext;
			sourceTree = "<group>";
		};
		83B0AF13275E665E00A0242D /* AppDelegate */ = {
			isa = PBXGroup;
			children = (
				83B0AF14275E665E00A0242D /* AppDelegateProtocol.swift */,
				83B0AF15275E665E00A0242D /* AppDelegateAccessProtocol.swift */,
				83B0AF16275E665E00A0242D /* AppDelegate.swift */,
			);
			path = AppDelegate;
			sourceTree = "<group>";
		};
		83B0AF1A275E667A00A0242D /* AppFlow */ = {
			isa = PBXGroup;
			children = (
				83B0AF1B275E667A00A0242D /* AppFlowCoordinator.swift */,
				83B0AF1C275E667A00A0242D /* AppFlow.swift */,
			);
			path = AppFlow;
			sourceTree = "<group>";
		};
		E84A08F0276B959B00A745CD /* Reuseables */ = {
			isa = PBXGroup;
			children = (
				E8A6C4C9279AFDB000DF50E3 /* UI */,
				E8A6C4C8279AFDA200DF50E3 /* Views */,
			);
			path = Reuseables;
			sourceTree = "<group>";
		};
		E881F0AC27AD854000492237 /* Extensions */ = {
			isa = PBXGroup;
			children = (
				E881F0AD27AD856700492237 /* Date+FormattedDay.swift */,
			);
			path = Extensions;
			sourceTree = "<group>";
		};
		E881F14727AD8C4100492237 /* Components */ = {
			isa = PBXGroup;
			children = (
				72CD544527CBE09600303DCC /* NewEventConfigurationView */,
				72CD544127CBD87D00303DCC /* CreateNewEvent */,
			);
			path = Components;
			sourceTree = "<group>";
		};
		E888138E27A446A4002DF4C0 /* CreateEvent */ = {
			isa = PBXGroup;
			children = (
				E881F14727AD8C4100492237 /* Components */,
			);
			path = CreateEvent;
			sourceTree = "<group>";
		};
		E8A6C4242799B28E00DF50E3 /* Login */ = {
			isa = PBXGroup;
			children = (
				E8A6C4252799B29F00DF50E3 /* LoginViewModelTests.swift */,
				E8A6C4272799B6C000DF50E3 /* LoginCoordinatorMock.swift */,
				E8A6C4292799CA3200DF50E3 /* LoginHandlerTests.swift */,
			);
			path = Login;
			sourceTree = "<group>";
		};
		E8A6C42B2799D03800DF50E3 /* InviteFriends */ = {
			isa = PBXGroup;
			children = (
				E8A6C42C2799D04D00DF50E3 /* InviteFriendsViewModelTests.swift */,
				E8A6C42E2799D07100DF50E3 /* InviteFriendsCoordinatorMock.swift */,
			);
			path = InviteFriends;
			sourceTree = "<group>";
		};
		E8A6C4C8279AFDA200DF50E3 /* Views */ = {
			isa = PBXGroup;
			children = (
				E8BFA1922795BEFA00B57A7A /* CheckboxView.swift */,
				E8BFA1942795C66E00B57A7A /* LabelledDivider.swift */,
				E8E9E2D6279859500040CE1B /* ModalView.swift */,
				E84A08F1276B95AE00A745CD /* ProgressBarView.swift */,
				E888139327A4559E002DF4C0 /* WebView.swift */,
				7244676027B06E67009F5507 /* LottieAnimationView.swift */,
			);
			path = Views;
			sourceTree = "<group>";
		};
		E8A6C4C9279AFDB000DF50E3 /* UI */ = {
			isa = PBXGroup;
			children = (
				E8A6C4CA279AFDDA00DF50E3 /* ButtonStyle.swift */,
				E881F0AA27AD79CD00492237 /* EventTag.swift */,
			);
			path = UI;
			sourceTree = "<group>";
		};
		E8B9927527711C1D00D9A101 /* CreateAccount */ = {
			isa = PBXGroup;
			children = (
				E8B9927627711C3600D9A101 /* CreateAccountViewModelTests.swift */,
				E8A6C4222799AA3900DF50E3 /* CreateAccountCoordinatorMock.swift */,
			);
			path = CreateAccount;
			sourceTree = "<group>";
		};
		E8B9931027711DE800D9A101 /* TestHelpers */ = {
			isa = PBXGroup;
			children = (
				E8B9931127711DFD00D9A101 /* XCTestCase+GWT.swift */,
			);
			path = TestHelpers;
			sourceTree = "<group>";
		};
		E8B9931627762BF500D9A101 /* CreateAccount */ = {
			isa = PBXGroup;
			children = (
				E84A08F3276B95ED00A745CD /* PasswordStrengthView.swift */,
				E8B9931727762C1A00D9A101 /* CreateAccountView.swift */,
				E8E9E3702798666C0040CE1B /* CreateAccountViewModel.swift */,
				E8B99271276FDD1100D9A101 /* CreateAccountHandler.swift */,
				E8E9E37727996F830040CE1B /* CreateAccountCoordinator.swift */,
			);
			path = CreateAccount;
			sourceTree = "<group>";
		};
		E8BFA19B2795CCF300B57A7A /* Helpers */ = {
			isa = PBXGroup;
			children = (
				E8BFA19C2795CD0800B57A7A /* UserDefaultsUtils.swift */,
				72282C0A27AF01D700952855 /* LocationSearchService.swift */,
				72CD545427CBF49D00303DCC /* GenericHelpers.swift */,
			);
			path = Helpers;
			sourceTree = "<group>";
		};
		E8CB78A327A1985E00D49FF1 /* Components */ = {
			isa = PBXGroup;
			children = (
				E8CB78A427A1987D00D49FF1 /* EventListItem.swift */,
			);
			path = Components;
			sourceTree = "<group>";
		};
		E8E049A5276B748000A78294 /* Welcome */ = {
			isa = PBXGroup;
			children = (
				E8E9E372279867F70040CE1B /* InviteFriends */,
				E8B9931627762BF500D9A101 /* CreateAccount */,
			);
			path = Welcome;
			sourceTree = "<group>";
		};
		E8E9E372279867F70040CE1B /* InviteFriends */ = {
			isa = PBXGroup;
			children = (
				E8E9E373279868150040CE1B /* InviteFriendsView.swift */,
				E8E9E379279970940040CE1B /* InviteFriendsViewModel.swift */,
				E8E9E37B279970A00040CE1B /* InviteFriendsCoordinator.swift */,
			);
			path = InviteFriends;
			sourceTree = "<group>";
		};
		E8E9E4AD2799A63F0040CE1B /* Home */ = {
			isa = PBXGroup;
			children = (
				E8CB78A327A1985E00D49FF1 /* Components */,
				E8E9E4AE2799A64A0040CE1B /* HomeView.swift */,
				E8E9E4B02799A6700040CE1B /* HomeViewModel.swift */,
				E8E9E4B22799A6ED0040CE1B /* HomeCoordinator.swift */,
			);
			path = Home;
			sourceTree = "<group>";
		};
/* End PBXGroup section */

/* Begin PBXNativeTarget section */
		83425AF2275E548F0090B331 /* Establish */ = {
			isa = PBXNativeTarget;
			buildConfigurationList = 83425B1D275E54910090B331 /* Build configuration list for PBXNativeTarget "Establish" */;
			buildPhases = (
				83425AEF275E548F0090B331 /* Sources */,
				83425AF0275E548F0090B331 /* Frameworks */,
				83425AF1275E548F0090B331 /* Resources */,
			);
			buildRules = (
			);
			dependencies = (
			);
			name = Establish;
			packageProductDependencies = (
				E8B99267276FDC7F00D9A101 /* FirebaseAnalytics */,
				E8B99269276FDC7F00D9A101 /* FirebaseAuth */,
				E8B9926B276FDC7F00D9A101 /* FirebaseAuthCombine-Community */,
				E8B9926D276FDC7F00D9A101 /* FirebaseFirestore */,
				E8B9926F276FDC7F00D9A101 /* FirebaseFirestoreCombine-Community */,
				E8BFA1992795CACD00B57A7A /* SwiftKeychainWrapper */,
				E8A6C5FD279B046500DF50E3 /* GoogleSignIn */,
				7244675A27B06CE4009F5507 /* Lottie */,
			);
			productName = Establish;
			productReference = 83425AF3275E548F0090B331 /* Establish.app */;
			productType = "com.apple.product-type.application";
		};
		83425B08275E54910090B331 /* EstablishTests */ = {
			isa = PBXNativeTarget;
			buildConfigurationList = 83425B20275E54910090B331 /* Build configuration list for PBXNativeTarget "EstablishTests" */;
			buildPhases = (
				83425B05275E54910090B331 /* Sources */,
				83425B06275E54910090B331 /* Frameworks */,
				83425B07275E54910090B331 /* Resources */,
			);
			buildRules = (
			);
			dependencies = (
				83425B0B275E54910090B331 /* PBXTargetDependency */,
			);
			name = EstablishTests;
			productName = EstablishTests;
			productReference = 83425B09275E54910090B331 /* EstablishTests.xctest */;
			productType = "com.apple.product-type.bundle.unit-test";
		};
		83425B13275E54910090B331 /* EstablishUITests */ = {
			isa = PBXNativeTarget;
			buildConfigurationList = 83425B23275E54910090B331 /* Build configuration list for PBXNativeTarget "EstablishUITests" */;
			buildPhases = (
				83425B10275E54910090B331 /* Sources */,
				83425B11275E54910090B331 /* Frameworks */,
				83425B12275E54910090B331 /* Resources */,
			);
			buildRules = (
			);
			dependencies = (
				83425B16275E54910090B331 /* PBXTargetDependency */,
			);
			name = EstablishUITests;
			productName = EstablishUITests;
			productReference = 83425B14275E54910090B331 /* EstablishUITests.xctest */;
			productType = "com.apple.product-type.bundle.ui-testing";
		};
/* End PBXNativeTarget section */

/* Begin PBXProject section */
		83425AEB275E548F0090B331 /* Project object */ = {
			isa = PBXProject;
			attributes = {
				LastSwiftUpdateCheck = 1250;
				LastUpgradeCheck = 1250;
				TargetAttributes = {
					83425AF2275E548F0090B331 = {
						CreatedOnToolsVersion = 12.5;
					};
					83425B08275E54910090B331 = {
						CreatedOnToolsVersion = 12.5;
						TestTargetID = 83425AF2275E548F0090B331;
					};
					83425B13275E54910090B331 = {
						CreatedOnToolsVersion = 12.5;
						TestTargetID = 83425AF2275E548F0090B331;
					};
				};
			};
			buildConfigurationList = 83425AEE275E548F0090B331 /* Build configuration list for PBXProject "Establish" */;
			compatibilityVersion = "Xcode 9.3";
			developmentRegion = en;
			hasScannedForEncodings = 0;
			knownRegions = (
				en,
				Base,
			);
			mainGroup = 83425AEA275E548F0090B331;
			packageReferences = (
				E8B99266276FDC7F00D9A101 /* XCRemoteSwiftPackageReference "firebase-ios-sdk" */,
				E8BFA1982795CACD00B57A7A /* XCRemoteSwiftPackageReference "SwiftKeychainWrapper" */,
				E8A6C5FC279B046500DF50E3 /* XCRemoteSwiftPackageReference "GoogleSignIn-iOS" */,
				7244675927B06CE4009F5507 /* XCRemoteSwiftPackageReference "lottie-ios" */,
			);
			productRefGroup = 83425AF4275E548F0090B331 /* Products */;
			projectDirPath = "";
			projectRoot = "";
			targets = (
				83425AF2275E548F0090B331 /* Establish */,
				83425B08275E54910090B331 /* EstablishTests */,
				83425B13275E54910090B331 /* EstablishUITests */,
			);
		};
/* End PBXProject section */

/* Begin PBXResourcesBuildPhase section */
		83425AF1275E548F0090B331 /* Resources */ = {
			isa = PBXResourcesBuildPhase;
			buildActionMask = 2147483647;
			files = (
				83425B03275E54910090B331 /* LaunchScreen.storyboard in Resources */,
				7244675F27B06E1F009F5507 /* success.json in Resources */,
				E8B99274276FE53600D9A101 /* GoogleService-Info.plist in Resources */,
				83425B00275E54910090B331 /* Preview Assets.xcassets in Resources */,
				83425AFD275E54910090B331 /* Assets.xcassets in Resources */,
			);
			runOnlyForDeploymentPostprocessing = 0;
		};
		83425B07275E54910090B331 /* Resources */ = {
			isa = PBXResourcesBuildPhase;
			buildActionMask = 2147483647;
			files = (
			);
			runOnlyForDeploymentPostprocessing = 0;
		};
		83425B12275E54910090B331 /* Resources */ = {
			isa = PBXResourcesBuildPhase;
			buildActionMask = 2147483647;
			files = (
			);
			runOnlyForDeploymentPostprocessing = 0;
		};
/* End PBXResourcesBuildPhase section */

/* Begin PBXSourcesBuildPhase section */
		83425AEF275E548F0090B331 /* Sources */ = {
			isa = PBXSourcesBuildPhase;
			buildActionMask = 2147483647;
			files = (
				E8E9E37827996F830040CE1B /* CreateAccountCoordinator.swift in Sources */,
				E888139427A4559E002DF4C0 /* WebView.swift in Sources */,
				83B0AF0C275E665000A0242D /* EnqueuingCoordinator.swift in Sources */,
				83B0AF1E275E667A00A0242D /* AppFlow.swift in Sources */,
				E8E9E4B12799A6700040CE1B /* HomeViewModel.swift in Sources */,
				83425AF9275E548F0090B331 /* SceneDelegate.swift in Sources */,
				E881F0AB27AD79CD00492237 /* EventTag.swift in Sources */,
				E881F14B27AD8D4B00492237 /* NewEventConfigurationView.swift in Sources */,
				72282C0B27AF01D700952855 /* LocationSearchService.swift in Sources */,
				E8BFA19D2795CD0800B57A7A /* UserDefaultsUtils.swift in Sources */,
				E881F14927AD8C7600492237 /* CreateNewEventView.swift in Sources */,
				83B0AF19275E665E00A0242D /* AppDelegate.swift in Sources */,
				E8A6C4CB279AFDDA00DF50E3 /* ButtonStyle.swift in Sources */,
				E84A08F2276B95AE00A745CD /* ProgressBarView.swift in Sources */,
				72CD544B27CBE3BB00303DCC /* NewEventConfigurationCoordinator.swift in Sources */,
				72CD544927CBE12D00303DCC /* NewEventConfigurationViewModel.swift in Sources */,
				E8BFA1972795C93300B57A7A /* LoginViewModel.swift in Sources */,
				7244676127B06E67009F5507 /* LottieAnimationView.swift in Sources */,
				72CD544D27CBE88300303DCC /* UpdateFirestoreHandler.swift in Sources */,
				E8B9931827762C1A00D9A101 /* CreateAccountView.swift in Sources */,
				83B0AEFF275E663700A0242D /* LoginCoordinator.swift in Sources */,
				83B0AF18275E665E00A0242D /* AppDelegateAccessProtocol.swift in Sources */,
				83B0AF00275E663700A0242D /* LoginView.swift in Sources */,
				83B0AF11275E665000A0242D /* AppContext.swift in Sources */,
				E8E9E3712798666C0040CE1B /* CreateAccountViewModel.swift in Sources */,
				83B0AF1D275E667A00A0242D /* AppFlowCoordinator.swift in Sources */,
				72CD544327CBD8A100303DCC /* CreateNewEventViewModel.swift in Sources */,
				E8BFA1952795C66E00B57A7A /* LabelledDivider.swift in Sources */,
				E8E9E4AF2799A64A0040CE1B /* HomeView.swift in Sources */,
				E8BFA1932795BEFA00B57A7A /* CheckboxView.swift in Sources */,
				72CD545527CBF49D00303DCC /* GenericHelpers.swift in Sources */,
				83B0AF0F275E665000A0242D /* ThemeManagerAccessProtocol.swift in Sources */,
				E888139227A449A0002DF4C0 /* CreateNewEventCoordinator.swift in Sources */,
				E84A08F4276B95ED00A745CD /* PasswordStrengthView.swift in Sources */,
				83B0AF12275E665000A0242D /* AppContextAccessProtocol.swift in Sources */,
				83B0AF0E275E665000A0242D /* ThemeManagerTypes.swift in Sources */,
				E881F0AE27AD856700492237 /* Date+FormattedDay.swift in Sources */,
				E8B99272276FDD1100D9A101 /* CreateAccountHandler.swift in Sources */,
				E8E9E2D527982A400040CE1B /* LoginHandler.swift in Sources */,
				83B0AF17275E665E00A0242D /* AppDelegateProtocol.swift in Sources */,
				83B0AF10275E665000A0242D /* ThemeManager.swift in Sources */,
				E8E9E37C279970A00040CE1B /* InviteFriendsCoordinator.swift in Sources */,
				E8E9E2D7279859500040CE1B /* ModalView.swift in Sources */,
				72CD545127CBEC6900303DCC /* EventPayload.swift in Sources */,
				E8E9E37A279970940040CE1B /* InviteFriendsViewModel.swift in Sources */,
				83B0AF0D275E665000A0242D /* Coordinator.swift in Sources */,
				E8E9E374279868150040CE1B /* InviteFriendsView.swift in Sources */,
				E8E9E4B32799A6ED0040CE1B /* HomeCoordinator.swift in Sources */,
				E8CB78A527A1987D00D49FF1 /* EventListItem.swift in Sources */,
			);
			runOnlyForDeploymentPostprocessing = 0;
		};
		83425B05275E54910090B331 /* Sources */ = {
			isa = PBXSourcesBuildPhase;
			buildActionMask = 2147483647;
			files = (
				E8A6C4262799B29F00DF50E3 /* LoginViewModelTests.swift in Sources */,
				E8A6C42F2799D07100DF50E3 /* InviteFriendsCoordinatorMock.swift in Sources */,
				E8A6C42D2799D04D00DF50E3 /* InviteFriendsViewModelTests.swift in Sources */,
				E8A6C4232799AA3900DF50E3 /* CreateAccountCoordinatorMock.swift in Sources */,
				E8B9931227711DFD00D9A101 /* XCTestCase+GWT.swift in Sources */,
				E8A6C4282799B6C000DF50E3 /* LoginCoordinatorMock.swift in Sources */,
				E8A6C42A2799CA3200DF50E3 /* LoginHandlerTests.swift in Sources */,
				E8B9927727711C3600D9A101 /* CreateAccountViewModelTests.swift in Sources */,
			);
			runOnlyForDeploymentPostprocessing = 0;
		};
		83425B10275E54910090B331 /* Sources */ = {
			isa = PBXSourcesBuildPhase;
			buildActionMask = 2147483647;
			files = (
				83425B19275E54910090B331 /* EstablishUITests.swift in Sources */,
			);
			runOnlyForDeploymentPostprocessing = 0;
		};
/* End PBXSourcesBuildPhase section */

/* Begin PBXTargetDependency section */
		83425B0B275E54910090B331 /* PBXTargetDependency */ = {
			isa = PBXTargetDependency;
			target = 83425AF2275E548F0090B331 /* Establish */;
			targetProxy = 83425B0A275E54910090B331 /* PBXContainerItemProxy */;
		};
		83425B16275E54910090B331 /* PBXTargetDependency */ = {
			isa = PBXTargetDependency;
			target = 83425AF2275E548F0090B331 /* Establish */;
			targetProxy = 83425B15275E54910090B331 /* PBXContainerItemProxy */;
		};
/* End PBXTargetDependency section */

/* Begin PBXVariantGroup section */
		83425B01275E54910090B331 /* LaunchScreen.storyboard */ = {
			isa = PBXVariantGroup;
			children = (
				83425B02275E54910090B331 /* Base */,
			);
			name = LaunchScreen.storyboard;
			sourceTree = "<group>";
		};
/* End PBXVariantGroup section */

/* Begin XCBuildConfiguration section */
		83425B1B275E54910090B331 /* Debug */ = {
			isa = XCBuildConfiguration;
			buildSettings = {
				ALWAYS_SEARCH_USER_PATHS = NO;
				CLANG_ANALYZER_NONNULL = YES;
				CLANG_ANALYZER_NUMBER_OBJECT_CONVERSION = YES_AGGRESSIVE;
				CLANG_CXX_LANGUAGE_STANDARD = "gnu++14";
				CLANG_CXX_LIBRARY = "libc++";
				CLANG_ENABLE_MODULES = YES;
				CLANG_ENABLE_OBJC_ARC = YES;
				CLANG_ENABLE_OBJC_WEAK = YES;
				CLANG_WARN_BLOCK_CAPTURE_AUTORELEASING = YES;
				CLANG_WARN_BOOL_CONVERSION = YES;
				CLANG_WARN_COMMA = YES;
				CLANG_WARN_CONSTANT_CONVERSION = YES;
				CLANG_WARN_DEPRECATED_OBJC_IMPLEMENTATIONS = YES;
				CLANG_WARN_DIRECT_OBJC_ISA_USAGE = YES_ERROR;
				CLANG_WARN_DOCUMENTATION_COMMENTS = YES;
				CLANG_WARN_EMPTY_BODY = YES;
				CLANG_WARN_ENUM_CONVERSION = YES;
				CLANG_WARN_INFINITE_RECURSION = YES;
				CLANG_WARN_INT_CONVERSION = YES;
				CLANG_WARN_NON_LITERAL_NULL_CONVERSION = YES;
				CLANG_WARN_OBJC_IMPLICIT_RETAIN_SELF = YES;
				CLANG_WARN_OBJC_LITERAL_CONVERSION = YES;
				CLANG_WARN_OBJC_ROOT_CLASS = YES_ERROR;
				CLANG_WARN_QUOTED_INCLUDE_IN_FRAMEWORK_HEADER = YES;
				CLANG_WARN_RANGE_LOOP_ANALYSIS = YES;
				CLANG_WARN_STRICT_PROTOTYPES = YES;
				CLANG_WARN_SUSPICIOUS_MOVE = YES;
				CLANG_WARN_UNGUARDED_AVAILABILITY = YES_AGGRESSIVE;
				CLANG_WARN_UNREACHABLE_CODE = YES;
				CLANG_WARN__DUPLICATE_METHOD_MATCH = YES;
				COPY_PHASE_STRIP = NO;
				DEBUG_INFORMATION_FORMAT = dwarf;
				ENABLE_STRICT_OBJC_MSGSEND = YES;
				ENABLE_TESTABILITY = YES;
				GCC_C_LANGUAGE_STANDARD = gnu11;
				GCC_DYNAMIC_NO_PIC = NO;
				GCC_NO_COMMON_BLOCKS = YES;
				GCC_OPTIMIZATION_LEVEL = 0;
				GCC_PREPROCESSOR_DEFINITIONS = (
					"DEBUG=1",
					"$(inherited)",
				);
				GCC_WARN_64_TO_32_BIT_CONVERSION = YES;
				GCC_WARN_ABOUT_RETURN_TYPE = YES_ERROR;
				GCC_WARN_UNDECLARED_SELECTOR = YES;
				GCC_WARN_UNINITIALIZED_AUTOS = YES_AGGRESSIVE;
				GCC_WARN_UNUSED_FUNCTION = YES;
				GCC_WARN_UNUSED_VARIABLE = YES;
				IPHONEOS_DEPLOYMENT_TARGET = 14.5;
				MTL_ENABLE_DEBUG_INFO = INCLUDE_SOURCE;
				MTL_FAST_MATH = YES;
				ONLY_ACTIVE_ARCH = YES;
				SDKROOT = iphoneos;
				SWIFT_ACTIVE_COMPILATION_CONDITIONS = DEBUG;
				SWIFT_OPTIMIZATION_LEVEL = "-Onone";
			};
			name = Debug;
		};
		83425B1C275E54910090B331 /* Release */ = {
			isa = XCBuildConfiguration;
			buildSettings = {
				ALWAYS_SEARCH_USER_PATHS = NO;
				CLANG_ANALYZER_NONNULL = YES;
				CLANG_ANALYZER_NUMBER_OBJECT_CONVERSION = YES_AGGRESSIVE;
				CLANG_CXX_LANGUAGE_STANDARD = "gnu++14";
				CLANG_CXX_LIBRARY = "libc++";
				CLANG_ENABLE_MODULES = YES;
				CLANG_ENABLE_OBJC_ARC = YES;
				CLANG_ENABLE_OBJC_WEAK = YES;
				CLANG_WARN_BLOCK_CAPTURE_AUTORELEASING = YES;
				CLANG_WARN_BOOL_CONVERSION = YES;
				CLANG_WARN_COMMA = YES;
				CLANG_WARN_CONSTANT_CONVERSION = YES;
				CLANG_WARN_DEPRECATED_OBJC_IMPLEMENTATIONS = YES;
				CLANG_WARN_DIRECT_OBJC_ISA_USAGE = YES_ERROR;
				CLANG_WARN_DOCUMENTATION_COMMENTS = YES;
				CLANG_WARN_EMPTY_BODY = YES;
				CLANG_WARN_ENUM_CONVERSION = YES;
				CLANG_WARN_INFINITE_RECURSION = YES;
				CLANG_WARN_INT_CONVERSION = YES;
				CLANG_WARN_NON_LITERAL_NULL_CONVERSION = YES;
				CLANG_WARN_OBJC_IMPLICIT_RETAIN_SELF = YES;
				CLANG_WARN_OBJC_LITERAL_CONVERSION = YES;
				CLANG_WARN_OBJC_ROOT_CLASS = YES_ERROR;
				CLANG_WARN_QUOTED_INCLUDE_IN_FRAMEWORK_HEADER = YES;
				CLANG_WARN_RANGE_LOOP_ANALYSIS = YES;
				CLANG_WARN_STRICT_PROTOTYPES = YES;
				CLANG_WARN_SUSPICIOUS_MOVE = YES;
				CLANG_WARN_UNGUARDED_AVAILABILITY = YES_AGGRESSIVE;
				CLANG_WARN_UNREACHABLE_CODE = YES;
				CLANG_WARN__DUPLICATE_METHOD_MATCH = YES;
				COPY_PHASE_STRIP = NO;
				DEBUG_INFORMATION_FORMAT = "dwarf-with-dsym";
				ENABLE_NS_ASSERTIONS = NO;
				ENABLE_STRICT_OBJC_MSGSEND = YES;
				GCC_C_LANGUAGE_STANDARD = gnu11;
				GCC_NO_COMMON_BLOCKS = YES;
				GCC_WARN_64_TO_32_BIT_CONVERSION = YES;
				GCC_WARN_ABOUT_RETURN_TYPE = YES_ERROR;
				GCC_WARN_UNDECLARED_SELECTOR = YES;
				GCC_WARN_UNINITIALIZED_AUTOS = YES_AGGRESSIVE;
				GCC_WARN_UNUSED_FUNCTION = YES;
				GCC_WARN_UNUSED_VARIABLE = YES;
				IPHONEOS_DEPLOYMENT_TARGET = 14.5;
				MTL_ENABLE_DEBUG_INFO = NO;
				MTL_FAST_MATH = YES;
				SDKROOT = iphoneos;
				SWIFT_COMPILATION_MODE = wholemodule;
				SWIFT_OPTIMIZATION_LEVEL = "-O";
				VALIDATE_PRODUCT = YES;
			};
			name = Release;
		};
		83425B1E275E54910090B331 /* Debug */ = {
			isa = XCBuildConfiguration;
			buildSettings = {
				ASSETCATALOG_COMPILER_APPICON_NAME = AppIcon;
				ASSETCATALOG_COMPILER_GLOBAL_ACCENT_COLOR_NAME = AccentColor;
				CODE_SIGN_ENTITLEMENTS = Establish/Establish.entitlements;
				CODE_SIGN_STYLE = Automatic;
				DEVELOPMENT_ASSET_PATHS = "\"Establish/Preview Content\"";
				ENABLE_PREVIEWS = YES;
				INFOPLIST_FILE = Establish/Info.plist;
				LD_RUNPATH_SEARCH_PATHS = (
					"$(inherited)",
					"@executable_path/Frameworks",
				);
				PRODUCT_BUNDLE_IDENTIFIER = "Joshua-Brown.Establish";
				PRODUCT_NAME = "$(TARGET_NAME)";
				SWIFT_VERSION = 5.0;
				TARGETED_DEVICE_FAMILY = "1,2";
			};
			name = Debug;
		};
		83425B1F275E54910090B331 /* Release */ = {
			isa = XCBuildConfiguration;
			buildSettings = {
				ASSETCATALOG_COMPILER_APPICON_NAME = AppIcon;
				ASSETCATALOG_COMPILER_GLOBAL_ACCENT_COLOR_NAME = AccentColor;
				CODE_SIGN_ENTITLEMENTS = Establish/Establish.entitlements;
				CODE_SIGN_STYLE = Automatic;
				DEVELOPMENT_ASSET_PATHS = "\"Establish/Preview Content\"";
				ENABLE_PREVIEWS = YES;
				INFOPLIST_FILE = Establish/Info.plist;
				LD_RUNPATH_SEARCH_PATHS = (
					"$(inherited)",
					"@executable_path/Frameworks",
				);
				PRODUCT_BUNDLE_IDENTIFIER = "Joshua-Brown.Establish";
				PRODUCT_NAME = "$(TARGET_NAME)";
				SWIFT_VERSION = 5.0;
				TARGETED_DEVICE_FAMILY = "1,2";
			};
			name = Release;
		};
		83425B21275E54910090B331 /* Debug */ = {
			isa = XCBuildConfiguration;
			buildSettings = {
				ALWAYS_EMBED_SWIFT_STANDARD_LIBRARIES = YES;
				BUNDLE_LOADER = "$(TEST_HOST)";
				CODE_SIGN_STYLE = Automatic;
				INFOPLIST_FILE = EstablishTests/Info.plist;
				IPHONEOS_DEPLOYMENT_TARGET = 14.5;
				LD_RUNPATH_SEARCH_PATHS = (
					"$(inherited)",
					"@executable_path/Frameworks",
					"@loader_path/Frameworks",
				);
				PRODUCT_BUNDLE_IDENTIFIER = "Joshua-Brown.EstablishTests";
				PRODUCT_NAME = "$(TARGET_NAME)";
				SWIFT_VERSION = 5.0;
				TARGETED_DEVICE_FAMILY = "1,2";
				TEST_HOST = "$(BUILT_PRODUCTS_DIR)/Establish.app/Establish";
			};
			name = Debug;
		};
		83425B22275E54910090B331 /* Release */ = {
			isa = XCBuildConfiguration;
			buildSettings = {
				ALWAYS_EMBED_SWIFT_STANDARD_LIBRARIES = YES;
				BUNDLE_LOADER = "$(TEST_HOST)";
				CODE_SIGN_STYLE = Automatic;
				INFOPLIST_FILE = EstablishTests/Info.plist;
				IPHONEOS_DEPLOYMENT_TARGET = 14.5;
				LD_RUNPATH_SEARCH_PATHS = (
					"$(inherited)",
					"@executable_path/Frameworks",
					"@loader_path/Frameworks",
				);
				PRODUCT_BUNDLE_IDENTIFIER = "Joshua-Brown.EstablishTests";
				PRODUCT_NAME = "$(TARGET_NAME)";
				SWIFT_VERSION = 5.0;
				TARGETED_DEVICE_FAMILY = "1,2";
				TEST_HOST = "$(BUILT_PRODUCTS_DIR)/Establish.app/Establish";
			};
			name = Release;
		};
		83425B24275E54910090B331 /* Debug */ = {
			isa = XCBuildConfiguration;
			buildSettings = {
				ALWAYS_EMBED_SWIFT_STANDARD_LIBRARIES = YES;
				CODE_SIGN_STYLE = Automatic;
				INFOPLIST_FILE = EstablishUITests/Info.plist;
				LD_RUNPATH_SEARCH_PATHS = (
					"$(inherited)",
					"@executable_path/Frameworks",
					"@loader_path/Frameworks",
				);
				PRODUCT_BUNDLE_IDENTIFIER = "Joshua-Brown.EstablishUITests";
				PRODUCT_NAME = "$(TARGET_NAME)";
				SWIFT_VERSION = 5.0;
				TARGETED_DEVICE_FAMILY = "1,2";
				TEST_TARGET_NAME = Establish;
			};
			name = Debug;
		};
		83425B25275E54910090B331 /* Release */ = {
			isa = XCBuildConfiguration;
			buildSettings = {
				ALWAYS_EMBED_SWIFT_STANDARD_LIBRARIES = YES;
				CODE_SIGN_STYLE = Automatic;
				INFOPLIST_FILE = EstablishUITests/Info.plist;
				LD_RUNPATH_SEARCH_PATHS = (
					"$(inherited)",
					"@executable_path/Frameworks",
					"@loader_path/Frameworks",
				);
				PRODUCT_BUNDLE_IDENTIFIER = "Joshua-Brown.EstablishUITests";
				PRODUCT_NAME = "$(TARGET_NAME)";
				SWIFT_VERSION = 5.0;
				TARGETED_DEVICE_FAMILY = "1,2";
				TEST_TARGET_NAME = Establish;
			};
			name = Release;
		};
/* End XCBuildConfiguration section */

/* Begin XCConfigurationList section */
		83425AEE275E548F0090B331 /* Build configuration list for PBXProject "Establish" */ = {
			isa = XCConfigurationList;
			buildConfigurations = (
				83425B1B275E54910090B331 /* Debug */,
				83425B1C275E54910090B331 /* Release */,
			);
			defaultConfigurationIsVisible = 0;
			defaultConfigurationName = Release;
		};
		83425B1D275E54910090B331 /* Build configuration list for PBXNativeTarget "Establish" */ = {
			isa = XCConfigurationList;
			buildConfigurations = (
				83425B1E275E54910090B331 /* Debug */,
				83425B1F275E54910090B331 /* Release */,
			);
			defaultConfigurationIsVisible = 0;
			defaultConfigurationName = Release;
		};
		83425B20275E54910090B331 /* Build configuration list for PBXNativeTarget "EstablishTests" */ = {
			isa = XCConfigurationList;
			buildConfigurations = (
				83425B21275E54910090B331 /* Debug */,
				83425B22275E54910090B331 /* Release */,
			);
			defaultConfigurationIsVisible = 0;
			defaultConfigurationName = Release;
		};
		83425B23275E54910090B331 /* Build configuration list for PBXNativeTarget "EstablishUITests" */ = {
			isa = XCConfigurationList;
			buildConfigurations = (
				83425B24275E54910090B331 /* Debug */,
				83425B25275E54910090B331 /* Release */,
			);
			defaultConfigurationIsVisible = 0;
			defaultConfigurationName = Release;
		};
/* End XCConfigurationList section */

/* Begin XCRemoteSwiftPackageReference section */
		7244675927B06CE4009F5507 /* XCRemoteSwiftPackageReference "lottie-ios" */ = {
			isa = XCRemoteSwiftPackageReference;
			repositoryURL = "https://github.com/airbnb/lottie-ios.git";
			requirement = {
				kind = upToNextMajorVersion;
				minimumVersion = 3.0.0;
			};
		};
		E8A6C5FC279B046500DF50E3 /* XCRemoteSwiftPackageReference "GoogleSignIn-iOS" */ = {
			isa = XCRemoteSwiftPackageReference;
			repositoryURL = "https://github.com/google/GoogleSignIn-iOS";
			requirement = {
				kind = upToNextMajorVersion;
				minimumVersion = 6.0.0;
			};
		};
		E8B99266276FDC7F00D9A101 /* XCRemoteSwiftPackageReference "firebase-ios-sdk" */ = {
			isa = XCRemoteSwiftPackageReference;
			repositoryURL = "https://github.com/firebase/firebase-ios-sdk.git";
			requirement = {
				kind = upToNextMajorVersion;
				minimumVersion = 8.0.0;
			};
		};
		E8BFA1982795CACD00B57A7A /* XCRemoteSwiftPackageReference "SwiftKeychainWrapper" */ = {
			isa = XCRemoteSwiftPackageReference;
			repositoryURL = "https://github.com/jrendel/SwiftKeychainWrapper";
			requirement = {
				kind = upToNextMajorVersion;
				minimumVersion = 4.0.0;
			};
		};
/* End XCRemoteSwiftPackageReference section */

/* Begin XCSwiftPackageProductDependency section */
		7244675A27B06CE4009F5507 /* Lottie */ = {
			isa = XCSwiftPackageProductDependency;
			package = 7244675927B06CE4009F5507 /* XCRemoteSwiftPackageReference "lottie-ios" */;
			productName = Lottie;
		};
		E8A6C5FD279B046500DF50E3 /* GoogleSignIn */ = {
			isa = XCSwiftPackageProductDependency;
			package = E8A6C5FC279B046500DF50E3 /* XCRemoteSwiftPackageReference "GoogleSignIn-iOS" */;
			productName = GoogleSignIn;
		};
		E8B99267276FDC7F00D9A101 /* FirebaseAnalytics */ = {
			isa = XCSwiftPackageProductDependency;
			package = E8B99266276FDC7F00D9A101 /* XCRemoteSwiftPackageReference "firebase-ios-sdk" */;
			productName = FirebaseAnalytics;
		};
		E8B99269276FDC7F00D9A101 /* FirebaseAuth */ = {
			isa = XCSwiftPackageProductDependency;
			package = E8B99266276FDC7F00D9A101 /* XCRemoteSwiftPackageReference "firebase-ios-sdk" */;
			productName = FirebaseAuth;
		};
		E8B9926B276FDC7F00D9A101 /* FirebaseAuthCombine-Community */ = {
			isa = XCSwiftPackageProductDependency;
			package = E8B99266276FDC7F00D9A101 /* XCRemoteSwiftPackageReference "firebase-ios-sdk" */;
			productName = "FirebaseAuthCombine-Community";
		};
		E8B9926D276FDC7F00D9A101 /* FirebaseFirestore */ = {
			isa = XCSwiftPackageProductDependency;
			package = E8B99266276FDC7F00D9A101 /* XCRemoteSwiftPackageReference "firebase-ios-sdk" */;
			productName = FirebaseFirestore;
		};
		E8B9926F276FDC7F00D9A101 /* FirebaseFirestoreCombine-Community */ = {
			isa = XCSwiftPackageProductDependency;
			package = E8B99266276FDC7F00D9A101 /* XCRemoteSwiftPackageReference "firebase-ios-sdk" */;
			productName = "FirebaseFirestoreCombine-Community";
		};
		E8BFA1992795CACD00B57A7A /* SwiftKeychainWrapper */ = {
			isa = XCSwiftPackageProductDependency;
			package = E8BFA1982795CACD00B57A7A /* XCRemoteSwiftPackageReference "SwiftKeychainWrapper" */;
			productName = SwiftKeychainWrapper;
		};
/* End XCSwiftPackageProductDependency section */
	};
	rootObject = 83425AEB275E548F0090B331 /* Project object */;
}
